# THIS IS AN AUTOGENERATED FILE. DO NOT EDIT THIS FILE DIRECTLY.
# yarn lockfile v1


async@^2.1.4:
  version "2.1.4"
  resolved "https://registry.yarnpkg.com/async/-/async-2.1.4.tgz#2d2160c7788032e4dd6cbe2502f1f9a2c8f6cde4"
  dependencies:
    lodash "^4.14.0"

deep-equal@0.2.1:
  version "0.2.1"
  resolved "https://registry.yarnpkg.com/deep-equal/-/deep-equal-0.2.1.tgz#fad7a793224cbf0c3c7786f92ef780e4fc8cc878"

encoding@^0.1.11:
  version "0.1.12"
  resolved "https://registry.yarnpkg.com/encoding/-/encoding-0.1.12.tgz#538b66f3ee62cd1ab51ec323829d1f9480c74beb"
  dependencies:
    iconv-lite "~0.4.13"

filereader-stream@^0.2.0:
  version "0.2.0"
  resolved "https://registry.yarnpkg.com/filereader-stream/-/filereader-stream-0.2.0.tgz#16374a202715b640b666ecffd07089938e9ff11f"
  dependencies:
    inherits "1.0.0"

iconv-lite@~0.4.13:
  version "0.4.15"
  resolved "https://registry.yarnpkg.com/iconv-lite/-/iconv-lite-0.4.15.tgz#fe265a218ac6a57cfe854927e9d04c19825eddeb"

inherits@1.0.0:
  version "1.0.0"
  resolved "https://registry.yarnpkg.com/inherits/-/inherits-1.0.0.tgz#38e1975285bf1f7ba9c84da102bb12771322ac48"

is-stream@^1.0.1, is-stream@^1.1.0:
  version "1.1.0"
  resolved "https://registry.yarnpkg.com/is-stream/-/is-stream-1.1.0.tgz#12d4a3dd4e68e0b79ceb8dbc84173ae80d91ca44"

lodash@^4.14.0:
  version "4.17.4"
  resolved "https://registry.yarnpkg.com/lodash/-/lodash-4.17.4.tgz#78203a4d1c328ae1d86dca6460e369b57f4055ae"

musicmetadata@^2.0.5:
  version "2.0.5"
  resolved "https://registry.yarnpkg.com/musicmetadata/-/musicmetadata-2.0.5.tgz#7ae910d99fbaee05f2bd543aef10b6fbe1f37bd4"
  dependencies:
    deep-equal "0.2.1"
    filereader-stream "^0.2.0"
    is-stream "^1.1.0"
    strtok2 "~1.0.0"
    through "~2.3.4"

node-fetch@^1.6.3:
  version "1.6.3"
  resolved "https://registry.yarnpkg.com/node-fetch/-/node-fetch-1.6.3.tgz#dc234edd6489982d58e8f0db4f695029abcd8c04"
  dependencies:
    encoding "^0.1.11"
    is-stream "^1.0.1"

prompt-sync@^4.1.4:
  version "4.1.4"
  resolved "https://registry.yarnpkg.com/prompt-sync/-/prompt-sync-4.1.4.tgz#0bd3bcd3c899c0e860add6a2d6e6f4bdf0775658"

strtok2@~1.0.0:
  version "1.0.4"
  resolved "https://registry.yarnpkg.com/strtok2/-/strtok2-1.0.4.tgz#df9ffb2e70a3336b4660e267ef0547e610275fc1"

through@~2.3.4:
  version "2.3.8"
  resolved "https://registry.yarnpkg.com/through/-/through-2.3.8.tgz#0dd4c9ffaabc357960b1b724115d7e0e86a2e1f5"
